
Microsoft Visual Studio Solution File, Format Version 12.00
# Visual Studio Version 17
VisualStudioVersion = 17.5.33627.172
MinimumVisualStudioVersion = 10.0.40219.1
Project("{9A19103F-16F7-4668-BE54-9A1E7A4F7556}") = "1-OlaMundo", "1-OlaMundo\1-OlaMundo.csproj", "{E7EECC34-325B-49BB-B60D-99BD5E12F496}"
EndProject
Project("{9A19103F-16F7-4668-BE54-9A1E7A4F7556}") = "2-CriandoVariaveis", "2-CriandoVariaveis\2-CriandoVariaveis.csproj", "{667169F9-F32A-4F6C-8EB0-62AFEF4A742E}"
EndProject
Project("{9A19103F-16F7-4668-BE54-9A1E7A4F7556}") = "3-Conversoes", "3-Conversoes\3-Conversoes.csproj", "{26AAFD87-DBB0-4B21-8ECF-4BDC54EA7A1C}"
EndProject
Project("{9A19103F-16F7-4668-BE54-9A1E7A4F7556}") = "4-condicoes_if", "4-condicoes\4-condicoes_if.csproj", "{43231972-B236-4124-A937-4053BA33F986}"
EndProject
Project("{9A19103F-16F7-4668-BE54-9A1E7A4F7556}") = "5-condicoes_switch", "4-condicoes_switch\5-condicoes_switch.csproj", "{6E93EC64-6548-4121-A999-696F9555A28B}"
EndProject
Project("{9A19103F-16F7-4668-BE54-9A1E7A4F7556}") = "6-condicoes_while", "6-condicoes_while\6-condicoes_while.csproj", "{DD98E9EC-7DEB-48A3-AFB4-8CAD3AD75297}"
EndProject
Project("{9A19103F-16F7-4668-BE54-9A1E7A4F7556}") = "7-condicoes_for", "7-condicoes_for\7-condicoes_for.csproj", "{C1723E07-E705-4406-B8BD-9CB660B2DB68}"
EndProject
Project("{9A19103F-16F7-4668-BE54-9A1E7A4F7556}") = "8-ForAlinhado", "ForAlinhado\8-ForAlinhado.csproj", "{5560EA49-D1B2-4E52-8B36-65CFD0163D28}"
EndProject
Project("{9A19103F-16F7-4668-BE54-9A1E7A4F7556}") = "9-Classes", "9-Classes\9-Classes.csproj", "{9F42D937-C8EF-4474-891B-0A8BDAD2DF60}"
EndProject
Project("{9A19103F-16F7-4668-BE54-9A1E7A4F7556}") = "10-Atividade", "10-Atividade\10-Atividade.csproj", "{78621FD5-CA41-4B74-A1D0-43B6E84B966E}"
EndProject
Project("{9A19103F-16F7-4668-BE54-9A1E7A4F7556}") = "11-Visibilidade", "11-Visibilidade\11-Visibilidade.csproj", "{266C5A1B-A004-43A8-8E1C-6AECA3ACAE82}"
EndProject
Project("{9A19103F-16F7-4668-BE54-9A1E7A4F7556}") = "12-Encapsulamentoo", "12-Encapsulamentoo\12-Encapsulamentoo.csproj", "{D58963FD-66FC-4D2B-9718-B17A6587776E}"
EndProject
Project("{9A19103F-16F7-4668-BE54-9A1E7A4F7556}") = "13-ExpressaoLambda", "13-ExpressaoLambda\13-ExpressaoLambda.csproj", "{F4BB2892-94D9-407D-B737-AE084B16685A}"
EndProject
Project("{9A19103F-16F7-4668-BE54-9A1E7A4F7556}") = "14-RelacionarClasses", "14-RelacionarClasses\14-RelacionarClasses.csproj", "{C8C9839D-B048-4CD0-832D-D581FC4FB88A}"
EndProject
Project("{9A19103F-16F7-4668-BE54-9A1E7A4F7556}") = "15-DesafioPodCast", "15-DesafioPodCast\15-DesafioPodCast.csproj", "{5946B36F-5524-4A07-9352-75FAAA243B12}"
EndProject
Project("{9A19103F-16F7-4668-BE54-9A1E7A4F7556}") = "16-TestandoListaGPT", "TestandoListaGPT\16-TestandoListaGPT.csproj", "{0DEEB982-B78E-42EF-B156-47962D119005}"
EndProject
Project("{9A19103F-16F7-4668-BE54-9A1E7A4F7556}") = "17-TesteExceptions", "17-TesteExceptions\17-TesteExceptions.csproj", "{C588DF8A-928E-4046-B580-CDF6158E0BEF}"
EndProject
Project("{9A19103F-16F7-4668-BE54-9A1E7A4F7556}") = "TestesLINQ", "TestesLINQ\TestesLINQ.csproj", "{7D11EFDC-BD14-4A23-AAB9-E987FFE3BF7B}"
EndProject
Project("{9A19103F-16F7-4668-BE54-9A1E7A4F7556}") = "TesteImportacaoDLL", "TesteImportacaoDLL\TesteImportacaoDLL.csproj", "{47F67D61-56D8-4688-B96F-160C396AB3A4}"
EndProject
Project("{9A19103F-16F7-4668-BE54-9A1E7A4F7556}") = "18-TrabalhoComArquivo", "18-TrabalhoComArquivo\18-TrabalhoComArquivo.csproj", "{77CBD11B-AAA4-4ED5-94DF-7DF4E2E94270}"
EndProject
Project("{2150E333-8FDC-42A3-9474-1A3956D46DE8}") = "NewCourseAboutList", "NewCourseAboutList", "{0245D31D-A72E-46EA-95B6-DD836AC49AE8}"
EndProject
Project("{9A19103F-16F7-4668-BE54-9A1E7A4F7556}") = "Arrays", "Arrays\Arrays.csproj", "{60597D6F-AF58-4F86-BCF5-3BDF1DD55535}"
EndProject
Project("{9A19103F-16F7-4668-BE54-9A1E7A4F7556}") = "WorkWithLista", "WorkWithLista\WorkWithLista.csproj", "{42EF347D-B60C-4472-B330-B2AD2EA9C25B}"
EndProject
Project("{9A19103F-16F7-4668-BE54-9A1E7A4F7556}") = "ListOfObjetcs", "ListOfObjetcs\ListOfObjetcs.csproj", "{4E8580E4-5CCE-4595-8A61-502A24D8622C}"
EndProject
Project("{9A19103F-16F7-4668-BE54-9A1E7A4F7556}") = "ListReadyOnly", "ListReadyOnly\ListReadyOnly.csproj", "{081DDA98-DFB7-45B6-B437-9D39DDF3B544}"
EndProject
Project("{9A19103F-16F7-4668-BE54-9A1E7A4F7556}") = "PowerOfSet", "PowerOfSet\PowerOfSet.csproj", "{D0C3CFA6-4080-4B03-801D-E73B81146C46}"
EndProject
Project("{9A19103F-16F7-4668-BE54-9A1E7A4F7556}") = "SetNoModelos", "SetNoModelos\SetNoModelos.csproj", "{82FE2556-12DA-4A62-94BC-047028F380C9}"
EndProject
Project("{9A19103F-16F7-4668-BE54-9A1E7A4F7556}") = "SobreCargaESobreEscrita", "SobreCargaESobreEscrita\SobreCargaESobreEscrita.csproj", "{5C640A8B-F94C-486E-B2CB-2FC5C3BAEA9F}"
EndProject
Project("{2150E333-8FDC-42A3-9474-1A3956D46DE8}") = "EntendendoExcessoes", "EntendendoExcessoes", "{EE80832D-7AA8-4567-BAD0-F982904CFB1F}"
	ProjectSection(SolutionItems) = preProject
		9-Classes\Titular\Cliente.cs = 9-Classes\Titular\Cliente.cs
		9-Classes\Contas\ContaCorrente.cs = 9-Classes\Contas\ContaCorrente.cs
	EndProjectSection
EndProject
Project("{FAE04EC0-301F-11D3-BF4B-00C04F79EFBC}") = "ByteBank", "Clinete\ByteBank.csproj", "{F1976C51-38FD-4CCC-92E3-E969531DF715}"
EndProject
Global
	GlobalSection(SolutionConfigurationPlatforms) = preSolution
		Debug|Any CPU = Debug|Any CPU
		Release|Any CPU = Release|Any CPU
	EndGlobalSection
	GlobalSection(ProjectConfigurationPlatforms) = postSolution
		{E7EECC34-325B-49BB-B60D-99BD5E12F496}.Debug|Any CPU.ActiveCfg = Debug|Any CPU
		{E7EECC34-325B-49BB-B60D-99BD5E12F496}.Debug|Any CPU.Build.0 = Debug|Any CPU
		{E7EECC34-325B-49BB-B60D-99BD5E12F496}.Release|Any CPU.ActiveCfg = Release|Any CPU
		{E7EECC34-325B-49BB-B60D-99BD5E12F496}.Release|Any CPU.Build.0 = Release|Any CPU
		{667169F9-F32A-4F6C-8EB0-62AFEF4A742E}.Debug|Any CPU.ActiveCfg = Debug|Any CPU
		{667169F9-F32A-4F6C-8EB0-62AFEF4A742E}.Debug|Any CPU.Build.0 = Debug|Any CPU
		{667169F9-F32A-4F6C-8EB0-62AFEF4A742E}.Release|Any CPU.ActiveCfg = Release|Any CPU
		{667169F9-F32A-4F6C-8EB0-62AFEF4A742E}.Release|Any CPU.Build.0 = Release|Any CPU
		{26AAFD87-DBB0-4B21-8ECF-4BDC54EA7A1C}.Debug|Any CPU.ActiveCfg = Debug|Any CPU
		{26AAFD87-DBB0-4B21-8ECF-4BDC54EA7A1C}.Debug|Any CPU.Build.0 = Debug|Any CPU
		{26AAFD87-DBB0-4B21-8ECF-4BDC54EA7A1C}.Release|Any CPU.ActiveCfg = Release|Any CPU
		{26AAFD87-DBB0-4B21-8ECF-4BDC54EA7A1C}.Release|Any CPU.Build.0 = Release|Any CPU
		{43231972-B236-4124-A937-4053BA33F986}.Debug|Any CPU.ActiveCfg = Debug|Any CPU
		{43231972-B236-4124-A937-4053BA33F986}.Debug|Any CPU.Build.0 = Debug|Any CPU
		{43231972-B236-4124-A937-4053BA33F986}.Release|Any CPU.ActiveCfg = Release|Any CPU
		{43231972-B236-4124-A937-4053BA33F986}.Release|Any CPU.Build.0 = Release|Any CPU
		{6E93EC64-6548-4121-A999-696F9555A28B}.Debug|Any CPU.ActiveCfg = Debug|Any CPU
		{6E93EC64-6548-4121-A999-696F9555A28B}.Debug|Any CPU.Build.0 = Debug|Any CPU
		{6E93EC64-6548-4121-A999-696F9555A28B}.Release|Any CPU.ActiveCfg = Release|Any CPU
		{6E93EC64-6548-4121-A999-696F9555A28B}.Release|Any CPU.Build.0 = Release|Any CPU
		{DD98E9EC-7DEB-48A3-AFB4-8CAD3AD75297}.Debug|Any CPU.ActiveCfg = Debug|Any CPU
		{DD98E9EC-7DEB-48A3-AFB4-8CAD3AD75297}.Debug|Any CPU.Build.0 = Debug|Any CPU
		{DD98E9EC-7DEB-48A3-AFB4-8CAD3AD75297}.Release|Any CPU.ActiveCfg = Release|Any CPU
		{DD98E9EC-7DEB-48A3-AFB4-8CAD3AD75297}.Release|Any CPU.Build.0 = Release|Any CPU
		{C1723E07-E705-4406-B8BD-9CB660B2DB68}.Debug|Any CPU.ActiveCfg = Debug|Any CPU
		{C1723E07-E705-4406-B8BD-9CB660B2DB68}.Debug|Any CPU.Build.0 = Debug|Any CPU
		{C1723E07-E705-4406-B8BD-9CB660B2DB68}.Release|Any CPU.ActiveCfg = Release|Any CPU
		{C1723E07-E705-4406-B8BD-9CB660B2DB68}.Release|Any CPU.Build.0 = Release|Any CPU
		{5560EA49-D1B2-4E52-8B36-65CFD0163D28}.Debug|Any CPU.ActiveCfg = Debug|Any CPU
		{5560EA49-D1B2-4E52-8B36-65CFD0163D28}.Debug|Any CPU.Build.0 = Debug|Any CPU
		{5560EA49-D1B2-4E52-8B36-65CFD0163D28}.Release|Any CPU.ActiveCfg = Release|Any CPU
		{5560EA49-D1B2-4E52-8B36-65CFD0163D28}.Release|Any CPU.Build.0 = Release|Any CPU
		{9F42D937-C8EF-4474-891B-0A8BDAD2DF60}.Debug|Any CPU.ActiveCfg = Debug|Any CPU
		{9F42D937-C8EF-4474-891B-0A8BDAD2DF60}.Debug|Any CPU.Build.0 = Debug|Any CPU
		{9F42D937-C8EF-4474-891B-0A8BDAD2DF60}.Release|Any CPU.ActiveCfg = Release|Any CPU
		{9F42D937-C8EF-4474-891B-0A8BDAD2DF60}.Release|Any CPU.Build.0 = Release|Any CPU
		{78621FD5-CA41-4B74-A1D0-43B6E84B966E}.Debug|Any CPU.ActiveCfg = Debug|Any CPU
		{78621FD5-CA41-4B74-A1D0-43B6E84B966E}.Debug|Any CPU.Build.0 = Debug|Any CPU
		{78621FD5-CA41-4B74-A1D0-43B6E84B966E}.Release|Any CPU.ActiveCfg = Release|Any CPU
		{78621FD5-CA41-4B74-A1D0-43B6E84B966E}.Release|Any CPU.Build.0 = Release|Any CPU
		{266C5A1B-A004-43A8-8E1C-6AECA3ACAE82}.Debug|Any CPU.ActiveCfg = Debug|Any CPU
		{266C5A1B-A004-43A8-8E1C-6AECA3ACAE82}.Debug|Any CPU.Build.0 = Debug|Any CPU
		{266C5A1B-A004-43A8-8E1C-6AECA3ACAE82}.Release|Any CPU.ActiveCfg = Release|Any CPU
		{266C5A1B-A004-43A8-8E1C-6AECA3ACAE82}.Release|Any CPU.Build.0 = Release|Any CPU
		{D58963FD-66FC-4D2B-9718-B17A6587776E}.Debug|Any CPU.ActiveCfg = Debug|Any CPU
		{D58963FD-66FC-4D2B-9718-B17A6587776E}.Debug|Any CPU.Build.0 = Debug|Any CPU
		{D58963FD-66FC-4D2B-9718-B17A6587776E}.Release|Any CPU.ActiveCfg = Release|Any CPU
		{D58963FD-66FC-4D2B-9718-B17A6587776E}.Release|Any CPU.Build.0 = Release|Any CPU
		{F4BB2892-94D9-407D-B737-AE084B16685A}.Debug|Any CPU.ActiveCfg = Debug|Any CPU
		{F4BB2892-94D9-407D-B737-AE084B16685A}.Debug|Any CPU.Build.0 = Debug|Any CPU
		{F4BB2892-94D9-407D-B737-AE084B16685A}.Release|Any CPU.ActiveCfg = Release|Any CPU
		{F4BB2892-94D9-407D-B737-AE084B16685A}.Release|Any CPU.Build.0 = Release|Any CPU
		{C8C9839D-B048-4CD0-832D-D581FC4FB88A}.Debug|Any CPU.ActiveCfg = Debug|Any CPU
		{C8C9839D-B048-4CD0-832D-D581FC4FB88A}.Debug|Any CPU.Build.0 = Debug|Any CPU
		{C8C9839D-B048-4CD0-832D-D581FC4FB88A}.Release|Any CPU.ActiveCfg = Release|Any CPU
		{C8C9839D-B048-4CD0-832D-D581FC4FB88A}.Release|Any CPU.Build.0 = Release|Any CPU
		{5946B36F-5524-4A07-9352-75FAAA243B12}.Debug|Any CPU.ActiveCfg = Debug|Any CPU
		{5946B36F-5524-4A07-9352-75FAAA243B12}.Debug|Any CPU.Build.0 = Debug|Any CPU
		{5946B36F-5524-4A07-9352-75FAAA243B12}.Release|Any CPU.ActiveCfg = Release|Any CPU
		{5946B36F-5524-4A07-9352-75FAAA243B12}.Release|Any CPU.Build.0 = Release|Any CPU
		{0DEEB982-B78E-42EF-B156-47962D119005}.Debug|Any CPU.ActiveCfg = Debug|Any CPU
		{0DEEB982-B78E-42EF-B156-47962D119005}.Debug|Any CPU.Build.0 = Debug|Any CPU
		{0DEEB982-B78E-42EF-B156-47962D119005}.Release|Any CPU.ActiveCfg = Release|Any CPU
		{0DEEB982-B78E-42EF-B156-47962D119005}.Release|Any CPU.Build.0 = Release|Any CPU
		{C588DF8A-928E-4046-B580-CDF6158E0BEF}.Debug|Any CPU.ActiveCfg = Debug|Any CPU
		{C588DF8A-928E-4046-B580-CDF6158E0BEF}.Debug|Any CPU.Build.0 = Debug|Any CPU
		{C588DF8A-928E-4046-B580-CDF6158E0BEF}.Release|Any CPU.ActiveCfg = Release|Any CPU
		{C588DF8A-928E-4046-B580-CDF6158E0BEF}.Release|Any CPU.Build.0 = Release|Any CPU
		{7D11EFDC-BD14-4A23-AAB9-E987FFE3BF7B}.Debug|Any CPU.ActiveCfg = Debug|Any CPU
		{7D11EFDC-BD14-4A23-AAB9-E987FFE3BF7B}.Debug|Any CPU.Build.0 = Debug|Any CPU
		{7D11EFDC-BD14-4A23-AAB9-E987FFE3BF7B}.Release|Any CPU.ActiveCfg = Release|Any CPU
		{7D11EFDC-BD14-4A23-AAB9-E987FFE3BF7B}.Release|Any CPU.Build.0 = Release|Any CPU
		{47F67D61-56D8-4688-B96F-160C396AB3A4}.Debug|Any CPU.ActiveCfg = Debug|Any CPU
		{47F67D61-56D8-4688-B96F-160C396AB3A4}.Debug|Any CPU.Build.0 = Debug|Any CPU
		{47F67D61-56D8-4688-B96F-160C396AB3A4}.Release|Any CPU.ActiveCfg = Release|Any CPU
		{47F67D61-56D8-4688-B96F-160C396AB3A4}.Release|Any CPU.Build.0 = Release|Any CPU
		{77CBD11B-AAA4-4ED5-94DF-7DF4E2E94270}.Debug|Any CPU.ActiveCfg = Debug|Any CPU
		{77CBD11B-AAA4-4ED5-94DF-7DF4E2E94270}.Debug|Any CPU.Build.0 = Debug|Any CPU
		{77CBD11B-AAA4-4ED5-94DF-7DF4E2E94270}.Release|Any CPU.ActiveCfg = Release|Any CPU
		{77CBD11B-AAA4-4ED5-94DF-7DF4E2E94270}.Release|Any CPU.Build.0 = Release|Any CPU
		{60597D6F-AF58-4F86-BCF5-3BDF1DD55535}.Debug|Any CPU.ActiveCfg = Debug|Any CPU
		{60597D6F-AF58-4F86-BCF5-3BDF1DD55535}.Debug|Any CPU.Build.0 = Debug|Any CPU
		{60597D6F-AF58-4F86-BCF5-3BDF1DD55535}.Release|Any CPU.ActiveCfg = Release|Any CPU
		{60597D6F-AF58-4F86-BCF5-3BDF1DD55535}.Release|Any CPU.Build.0 = Release|Any CPU
		{42EF347D-B60C-4472-B330-B2AD2EA9C25B}.Debug|Any CPU.ActiveCfg = Debug|Any CPU
		{42EF347D-B60C-4472-B330-B2AD2EA9C25B}.Debug|Any CPU.Build.0 = Debug|Any CPU
		{42EF347D-B60C-4472-B330-B2AD2EA9C25B}.Release|Any CPU.ActiveCfg = Release|Any CPU
		{42EF347D-B60C-4472-B330-B2AD2EA9C25B}.Release|Any CPU.Build.0 = Release|Any CPU
		{4E8580E4-5CCE-4595-8A61-502A24D8622C}.Debug|Any CPU.ActiveCfg = Debug|Any CPU
		{4E8580E4-5CCE-4595-8A61-502A24D8622C}.Debug|Any CPU.Build.0 = Debug|Any CPU
		{4E8580E4-5CCE-4595-8A61-502A24D8622C}.Release|Any CPU.ActiveCfg = Release|Any CPU
		{4E8580E4-5CCE-4595-8A61-502A24D8622C}.Release|Any CPU.Build.0 = Release|Any CPU
		{081DDA98-DFB7-45B6-B437-9D39DDF3B544}.Debug|Any CPU.ActiveCfg = Debug|Any CPU
		{081DDA98-DFB7-45B6-B437-9D39DDF3B544}.Debug|Any CPU.Build.0 = Debug|Any CPU
		{081DDA98-DFB7-45B6-B437-9D39DDF3B544}.Release|Any CPU.ActiveCfg = Release|Any CPU
		{081DDA98-DFB7-45B6-B437-9D39DDF3B544}.Release|Any CPU.Build.0 = Release|Any CPU
		{D0C3CFA6-4080-4B03-801D-E73B81146C46}.Debug|Any CPU.ActiveCfg = Debug|Any CPU
		{D0C3CFA6-4080-4B03-801D-E73B81146C46}.Debug|Any CPU.Build.0 = Debug|Any CPU
		{D0C3CFA6-4080-4B03-801D-E73B81146C46}.Release|Any CPU.ActiveCfg = Release|Any CPU
		{D0C3CFA6-4080-4B03-801D-E73B81146C46}.Release|Any CPU.Build.0 = Release|Any CPU
		{82FE2556-12DA-4A62-94BC-047028F380C9}.Debug|Any CPU.ActiveCfg = Debug|Any CPU
		{82FE2556-12DA-4A62-94BC-047028F380C9}.Debug|Any CPU.Build.0 = Debug|Any CPU
		{82FE2556-12DA-4A62-94BC-047028F380C9}.Release|Any CPU.ActiveCfg = Release|Any CPU
		{82FE2556-12DA-4A62-94BC-047028F380C9}.Release|Any CPU.Build.0 = Release|Any CPU
		{5C640A8B-F94C-486E-B2CB-2FC5C3BAEA9F}.Debug|Any CPU.ActiveCfg = Debug|Any CPU
		{5C640A8B-F94C-486E-B2CB-2FC5C3BAEA9F}.Debug|Any CPU.Build.0 = Debug|Any CPU
		{5C640A8B-F94C-486E-B2CB-2FC5C3BAEA9F}.Release|Any CPU.ActiveCfg = Release|Any CPU
		{5C640A8B-F94C-486E-B2CB-2FC5C3BAEA9F}.Release|Any CPU.Build.0 = Release|Any CPU
		{F1976C51-38FD-4CCC-92E3-E969531DF715}.Debug|Any CPU.ActiveCfg = Debug|Any CPU
		{F1976C51-38FD-4CCC-92E3-E969531DF715}.Debug|Any CPU.Build.0 = Debug|Any CPU
		{F1976C51-38FD-4CCC-92E3-E969531DF715}.Release|Any CPU.ActiveCfg = Release|Any CPU
		{F1976C51-38FD-4CCC-92E3-E969531DF715}.Release|Any CPU.Build.0 = Release|Any CPU
	EndGlobalSection
	GlobalSection(SolutionProperties) = preSolution
		HideSolutionNode = FALSE
	EndGlobalSection
	GlobalSection(NestedProjects) = preSolution
		{60597D6F-AF58-4F86-BCF5-3BDF1DD55535} = {0245D31D-A72E-46EA-95B6-DD836AC49AE8}
		{42EF347D-B60C-4472-B330-B2AD2EA9C25B} = {0245D31D-A72E-46EA-95B6-DD836AC49AE8}
		{4E8580E4-5CCE-4595-8A61-502A24D8622C} = {0245D31D-A72E-46EA-95B6-DD836AC49AE8}
		{081DDA98-DFB7-45B6-B437-9D39DDF3B544} = {0245D31D-A72E-46EA-95B6-DD836AC49AE8}
		{D0C3CFA6-4080-4B03-801D-E73B81146C46} = {0245D31D-A72E-46EA-95B6-DD836AC49AE8}
		{82FE2556-12DA-4A62-94BC-047028F380C9} = {0245D31D-A72E-46EA-95B6-DD836AC49AE8}
		{F1976C51-38FD-4CCC-92E3-E969531DF715} = {EE80832D-7AA8-4567-BAD0-F982904CFB1F}
	EndGlobalSection
	GlobalSection(ExtensibilityGlobals) = postSolution
		SolutionGuid = {1685534C-0C52-40A8-B6FB-BD73B76C6A94}
	EndGlobalSection
EndGlobal
